{
  "version": "3",
  "packages": {
    "specifiers": {
      "jsr:@std/assert@1.0.0-rc.2": "jsr:@std/assert@1.0.0-rc.2",
      "jsr:@std/assert@^0.226.0": "jsr:@std/assert@0.226.0",
      "jsr:@std/internal@^1.0.0": "jsr:@std/internal@1.0.0",
      "jsr:@std/testing@^0.225.3": "jsr:@std/testing@0.225.3"
    },
    "jsr": {
      "@std/assert@0.226.0": {
        "integrity": "0dfb5f7c7723c18cec118e080fec76ce15b4c31154b15ad2bd74822603ef75b3",
        "dependencies": [
          "jsr:@std/internal@^1.0.0"
        ]
      },
      "@std/assert@1.0.0-rc.2": {
        "integrity": "0484eab1d76b55fca1c3beaff485a274e67dd3b9f065edcbe70030dfc0b964d3"
      },
      "@std/internal@1.0.0": {
        "integrity": "ac6a6dfebf838582c4b4f61a6907374e27e05bedb6ce276e0f1608fe84e7cd9a"
      },
      "@std/testing@0.225.3": {
        "integrity": "348c24d0479d44ab3dbb4f26170f242e19f24051b45935d4a9e7ca0ab7e37780",
        "dependencies": [
          "jsr:@std/assert@1.0.0-rc.2"
        ]
      }
    }
  },
  "redirects": {
    "https://deno.land/std/testing/types.ts": "https://deno.land/std@0.192.0/testing/types.ts",
    "https://deno.land/x/upsert/emplace.ts": "https://deno.land/x/upsert@1.2.0/emplace.ts",
    "https://deno.land/x/upsert/mixin.ts": "https://deno.land/x/upsert@1.2.0/mixin.ts",
    "https://deno.land/x/upsert/polyfill.ts": "https://deno.land/x/upsert@1.2.0/polyfill.ts"
  },
  "remote": {
    "https://deno.land/std@0.190.0/fmt/colors.ts": "d67e3cd9f472535241a8e410d33423980bec45047e343577554d3356e1f0ef4e",
    "https://deno.land/std@0.190.0/testing/_diff.ts": "1a3c044aedf77647d6cac86b798c6417603361b66b54c53331b312caeb447aea",
    "https://deno.land/std@0.190.0/testing/_format.ts": "a69126e8a469009adf4cf2a50af889aca364c349797e63174884a52ff75cf4c7",
    "https://deno.land/std@0.190.0/testing/_test_suite.ts": "30f018feeb3835f12ab198d8a518f9089b1bcb2e8c838a8b615ab10d5005465c",
    "https://deno.land/std@0.190.0/testing/asserts.ts": "e16d98b4d73ffc4ed498d717307a12500ae4f2cbe668f1a215632d19fcffc22f",
    "https://deno.land/std@0.190.0/testing/bdd.ts": "59f7f7503066d66a12e50ace81bfffae5b735b6be1208f5684b630ae6b4de1d0",
    "https://deno.land/std@0.190.0/testing/mock.ts": "220ed9b8151cb2cac141043d4cfea7c47673fab5d18d1c1f0943297c8afb5d13",
    "https://deno.land/std@0.190.0/testing/types.ts": "6832887bea73ee3549dda953a8df41f8bfa8790219ab56a3b94b984a71a3b3e9",
    "https://deno.land/std@0.192.0/testing/types.ts": "6832887bea73ee3549dda953a8df41f8bfa8790219ab56a3b94b984a71a3b3e9",
    "https://deno.land/x/upsert@1.2.0/emplace.ts": "ab37efe3d179feff2a430eb27d9bedc93a55357a9f5a79f8fdb1870b99ef7e7e",
    "https://deno.land/x/upsert@1.2.0/mixin.ts": "6805b1c510729d7d3be9e2dee91184ab93a42d87df0175c1b3e6a3450f2ba9f3",
    "https://deno.land/x/upsert@1.2.0/polyfill.ts": "f34929bb77b67748fed1a112e510e2b961fb3be81720a008852338a1b39b90c9"
  },
  "workspace": {
    "dependencies": [
      "jsr:@std/assert@^0.226.0",
      "jsr:@std/testing@^0.225.3"
    ]
  }
}
